// !$*UTF8*$!
{
	archiveVersion = 1;
	classes = {
	};
	objectVersion = 56;
	objects = {

/* Begin PBXBuildFile section */
		8EFA48BF2D6355C000C68060 /* pizzaApp.swift in Sources */ = {isa = PBXBuildFile; fileRef = 8EFA48BE2D6355C000C68060 /* pizzaApp.swift */; };
		8EFA48C12D6355C000C68060 /* ContentView.swift in Sources */ = {isa = PBXBuildFile; fileRef = 8EFA48C02D6355C000C68060 /* ContentView.swift */; };
		8EFA48C32D6355C100C68060 /* Assets.xcassets in Resources */ = {isa = PBXBuildFile; fileRef = 8EFA48C22D6355C100C68060 /* Assets.xcassets */; };
		8EFA48C62D6355C100C68060 /* Preview Assets.xcassets in Resources */ = {isa = PBXBuildFile; fileRef = 8EFA48C52D6355C100C68060 /* Preview Assets.xcassets */; };
		8EFA48CD2D636A4A00C68060 /* OrderView.swift in Sources */ = {isa = PBXBuildFile; fileRef = 8EFA48CC2D636A4A00C68060 /* OrderView.swift */; };
		8EFA48CF2D636A9700C68060 /* MenuView.swift in Sources */ = {isa = PBXBuildFile; fileRef = 8EFA48CE2D636A9700C68060 /* MenuView.swift */; };
		8EFA48D12D636AE600C68060 /* MenuItemView.swift in Sources */ = {isa = PBXBuildFile; fileRef = 8EFA48D02D636AE600C68060 /* MenuItemView.swift */; };
		8EFA48D32D636AF300C68060 /* MenuRowView.swift in Sources */ = {isa = PBXBuildFile; fileRef = 8EFA48D22D636AF300C68060 /* MenuRowView.swift */; };
		8EFA48D52D636B0300C68060 /* OrderRowView.swift in Sources */ = {isa = PBXBuildFile; fileRef = 8EFA48D42D636B0300C68060 /* OrderRowView.swift */; };
		8EFA48D72D636B0D00C68060 /* HeaderView.swift in Sources */ = {isa = PBXBuildFile; fileRef = 8EFA48D62D636B0D00C68060 /* HeaderView.swift */; };
		8EFA48D92D636FAD00C68060 /* ratingsVIew.swift in Sources */ = {isa = PBXBuildFile; fileRef = 8EFA48D82D636FAD00C68060 /* ratingsVIew.swift */; };
		8EFA48DF2D638E5600C68060 /* OrderModel.swift in Sources */ = {isa = PBXBuildFile; fileRef = 8EFA48DB2D638E5600C68060 /* OrderModel.swift */; };
		8EFA48E02D638E5600C68060 /* MenuItem.swift in Sources */ = {isa = PBXBuildFile; fileRef = 8EFA48DC2D638E5600C68060 /* MenuItem.swift */; };
		8EFA48E12D638E5600C68060 /* OrderItem.swift in Sources */ = {isa = PBXBuildFile; fileRef = 8EFA48DD2D638E5600C68060 /* OrderItem.swift */; };
		8EFA48E22D638E5600C68060 /* MenuModel.swift in Sources */ = {isa = PBXBuildFile; fileRef = 8EFA48DE2D638E5600C68060 /* MenuModel.swift */; };
/* End PBXBuildFile section */

/* Begin PBXFileReference section */
		8EFA48BB2D6355C000C68060 /* pizza.app */ = {isa = PBXFileReference; explicitFileType = wrapper.application; includeInIndex = 0; path = pizza.app; sourceTree = BUILT_PRODUCTS_DIR; };
		8EFA48BE2D6355C000C68060 /* pizzaApp.swift */ = {isa = PBXFileReference; lastKnownFileType = sourcecode.swift; path = pizzaApp.swift; sourceTree = "<group>"; };
		8EFA48C02D6355C000C68060 /* ContentView.swift */ = {isa = PBXFileReference; lastKnownFileType = sourcecode.swift; path = ContentView.swift; sourceTree = "<group>"; };
		8EFA48C22D6355C100C68060 /* Assets.xcassets */ = {isa = PBXFileReference; lastKnownFileType = folder.assetcatalog; path = Assets.xcassets; sourceTree = "<group>"; };
		8EFA48C52D6355C100C68060 /* Preview Assets.xcassets */ = {isa = PBXFileReference; lastKnownFileType = folder.assetcatalog; path = "Preview Assets.xcassets"; sourceTree = "<group>"; };
		8EFA48CC2D636A4A00C68060 /* OrderView.swift */ = {isa = PBXFileReference; lastKnownFileType = sourcecode.swift; path = OrderView.swift; sourceTree = "<group>"; };
		8EFA48CE2D636A9700C68060 /* MenuView.swift */ = {isa = PBXFileReference; lastKnownFileType = sourcecode.swift; path = MenuView.swift; sourceTree = "<group>"; };
		8EFA48D02D636AE600C68060 /* MenuItemView.swift */ = {isa = PBXFileReference; lastKnownFileType = sourcecode.swift; path = MenuItemView.swift; sourceTree = "<group>"; };
		8EFA48D22D636AF300C68060 /* MenuRowView.swift */ = {isa = PBXFileReference; lastKnownFileType = sourcecode.swift; path = MenuRowView.swift; sourceTree = "<group>"; };
		8EFA48D42D636B0300C68060 /* OrderRowView.swift */ = {isa = PBXFileReference; lastKnownFileType = sourcecode.swift; path = OrderRowView.swift; sourceTree = "<group>"; };
		8EFA48D62D636B0D00C68060 /* HeaderView.swift */ = {isa = PBXFileReference; lastKnownFileType = sourcecode.swift; path = HeaderView.swift; sourceTree = "<group>"; };
		8EFA48D82D636FAD00C68060 /* ratingsVIew.swift */ = {isa = PBXFileReference; lastKnownFileType = sourcecode.swift; path = ratingsVIew.swift; sourceTree = "<group>"; };
		8EFA48DB2D638E5600C68060 /* OrderModel.swift */ = {isa = PBXFileReference; fileEncoding = 4; lastKnownFileType = sourcecode.swift; path = OrderModel.swift; sourceTree = "<group>"; };
		8EFA48DC2D638E5600C68060 /* MenuItem.swift */ = {isa = PBXFileReference; fileEncoding = 4; lastKnownFileType = sourcecode.swift; path = MenuItem.swift; sourceTree = "<group>"; };
		8EFA48DD2D638E5600C68060 /* OrderItem.swift */ = {isa = PBXFileReference; fileEncoding = 4; lastKnownFileType = sourcecode.swift; path = OrderItem.swift; sourceTree = "<group>"; };
		8EFA48DE2D638E5600C68060 /* MenuModel.swift */ = {isa = PBXFileReference; fileEncoding = 4; lastKnownFileType = sourcecode.swift; path = MenuModel.swift; sourceTree = "<group>"; };
/* End PBXFileReference section */

/* Begin PBXFrameworksBuildPhase section */
		8EFA48B82D6355C000C68060 /* Frameworks */ = {
			isa = PBXFrameworksBuildPhase;
			buildActionMask = 2147483647;
			files = (
			);
			runOnlyForDeploymentPostprocessing = 0;
		};
/* End PBXFrameworksBuildPhase section */

/* Begin PBXGroup section */
		8EFA48B22D6355C000C68060 = {
			isa = PBXGroup;
			children = (
				8EFA48BD2D6355C000C68060 /* pizza */,
				8EFA48BC2D6355C000C68060 /* Products */,
			);
			sourceTree = "<group>";
		};
		8EFA48BC2D6355C000C68060 /* Products */ = {
			isa = PBXGroup;
			children = (
				8EFA48BB2D6355C000C68060 /* pizza.app */,
			);
			name = Products;
			sourceTree = "<group>";
		};
		8EFA48BD2D6355C000C68060 /* pizza */ = {
			isa = PBXGroup;
			children = (
				8EFA48BE2D6355C000C68060 /* pizzaApp.swift */,
				8EFA48C02D6355C000C68060 /* ContentView.swift */,
				8EFA48D82D636FAD00C68060 /* ratingsVIew.swift */,
				8EFA48CC2D636A4A00C68060 /* OrderView.swift */,
				8EFA48D42D636B0300C68060 /* OrderRowView.swift */,
				8EFA48CE2D636A9700C68060 /* MenuView.swift */,
				8EFA48D02D636AE600C68060 /* MenuItemView.swift */,
				8EFA48D22D636AF300C68060 /* MenuRowView.swift */,
				8EFA48D62D636B0D00C68060 /* HeaderView.swift */,
				8EFA48C22D6355C100C68060 /* Assets.xcassets */,
				8EFA48DA2D638E5600C68060 /* Model Code */,
				8EFA48C42D6355C100C68060 /* Preview Content */,
			);
			path = pizza;
			sourceTree = "<group>";
		};
		8EFA48C42D6355C100C68060 /* Preview Content */ = {
			isa = PBXGroup;
			children = (
				8EFA48C52D6355C100C68060 /* Preview Assets.xcassets */,
			);
			path = "Preview Content";
			sourceTree = "<group>";
		};
		8EFA48DA2D638E5600C68060 /* Model Code */ = {
			isa = PBXGroup;
			children = (
				8EFA48DB2D638E5600C68060 /* OrderModel.swift */,
				8EFA48DC2D638E5600C68060 /* MenuItem.swift */,
				8EFA48DD2D638E5600C68060 /* OrderItem.swift */,
				8EFA48DE2D638E5600C68060 /* MenuModel.swift */,
			);
			path = "Model Code";
			sourceTree = "<group>";
		};
/* End PBXGroup section */

/* Begin PBXNativeTarget section */
		8EFA48BA2D6355C000C68060 /* pizza */ = {
			isa = PBXNativeTarget;
			buildConfigurationList = 8EFA48C92D6355C100C68060 /* Build configuration list for PBXNativeTarget "pizza" */;
			buildPhases = (
				8EFA48B72D6355C000C68060 /* Sources */,
				8EFA48B82D6355C000C68060 /* Frameworks */,
				8EFA48B92D6355C000C68060 /* Resources */,
			);
			buildRules = (
			);
			dependencies = (
			);
			name = pizza;
			productName = pizza;
			productReference = 8EFA48BB2D6355C000C68060 /* pizza.app */;
			productType = "com.apple.product-type.application";
		};
/* End PBXNativeTarget section */

/* Begin PBXProject section */
		8EFA48B32D6355C000C68060 /* Project object */ = {
			isa = PBXProject;
			attributes = {
				BuildIndependentTargetsInParallel = 1;
				LastSwiftUpdateCheck = 1430;
				LastUpgradeCheck = 1430;
				TargetAttributes = {
					8EFA48BA2D6355C000C68060 = {
						CreatedOnToolsVersion = 14.3.1;
					};
				};
			};
			buildConfigurationList = 8EFA48B62D6355C000C68060 /* Build configuration list for PBXProject "pizza" */;
			compatibilityVersion = "Xcode 14.0";
			developmentRegion = en;
			hasScannedForEncodings = 0;
			knownRegions = (
				en,
				Base,
			);
			mainGroup = 8EFA48B22D6355C000C68060;
			productRefGroup = 8EFA48BC2D6355C000C68060 /* Products */;
			projectDirPath = "";
			projectRoot = "";
			targets = (
				8EFA48BA2D6355C000C68060 /* pizza */,
			);
		};
/* End PBXProject section */

/* Begin PBXResourcesBuildPhase section */
		8EFA48B92D6355C000C68060 /* Resources */ = {
			isa = PBXResourcesBuildPhase;
			buildActionMask = 2147483647;
			files = (
				8EFA48C62D6355C100C68060 /* Preview Assets.xcassets in Resources */,
				8EFA48C32D6355C100C68060 /* Assets.xcassets in Resources */,
			);
			runOnlyForDeploymentPostprocessing = 0;
		};
/* End PBXResourcesBuildPhase section */

/* Begin PBXSourcesBuildPhase section */
		8EFA48B72D6355C000C68060 /* Sources */ = {
			isa = PBXSourcesBuildPhase;
			buildActionMask = 2147483647;
			files = (
				8EFA48CD2D636A4A00C68060 /* OrderView.swift in Sources */,
				8EFA48CF2D636A9700C68060 /* MenuView.swift in Sources */,
				8EFA48DF2D638E5600C68060 /* OrderModel.swift in Sources */,
				8EFA48C12D6355C000C68060 /* ContentView.swift in Sources */,
				8EFA48BF2D6355C000C68060 /* pizzaApp.swift in Sources */,
				8EFA48E12D638E5600C68060 /* OrderItem.swift in Sources */,
				8EFA48D32D636AF300C68060 /* MenuRowView.swift in Sources */,
				8EFA48D52D636B0300C68060 /* OrderRowView.swift in Sources */,
				8EFA48D12D636AE600C68060 /* MenuItemView.swift in Sources */,
				8EFA48E22D638E5600C68060 /* MenuModel.swift in Sources */,
				8EFA48E02D638E5600C68060 /* MenuItem.swift in Sources */,
				8EFA48D72D636B0D00C68060 /* HeaderView.swift in Sources */,
				8EFA48D92D636FAD00C68060 /* ratingsVIew.swift in Sources */,
			);
			runOnlyForDeploymentPostprocessing = 0;
		};
/* End PBXSourcesBuildPhase section */

/* Begin XCBuildConfiguration section */
		8EFA48C72D6355C100C68060 /* Debug */ = {
			isa = XCBuildConfiguration;
			buildSettings = {
				ALWAYS_SEARCH_USER_PATHS = NO;
				CLANG_ANALYZER_NONNULL = YES;
				CLANG_ANALYZER_NUMBER_OBJECT_CONVERSION = YES_AGGRESSIVE;
				CLANG_CXX_LANGUAGE_STANDARD = "gnu++20";
				CLANG_ENABLE_MODULES = YES;
				CLANG_ENABLE_OBJC_ARC = YES;
				CLANG_ENABLE_OBJC_WEAK = YES;
				CLANG_WARN_BLOCK_CAPTURE_AUTORELEASING = YES;
				CLANG_WARN_BOOL_CONVERSION = YES;
				CLANG_WARN_COMMA = YES;
				CLANG_WARN_CONSTANT_CONVERSION = YES;
				CLANG_WARN_DEPRECATED_OBJC_IMPLEMENTATIONS = YES;
				CLANG_WARN_DIRECT_OBJC_ISA_USAGE = YES_ERROR;
				CLANG_WARN_DOCUMENTATION_COMMENTS = YES;
				CLANG_WARN_EMPTY_BODY = YES;
				CLANG_WARN_ENUM_CONVERSION = YES;
				CLANG_WARN_INFINITE_RECURSION = YES;
				CLANG_WARN_INT_CONVERSION = YES;
				CLANG_WARN_NON_LITERAL_NULL_CONVERSION = YES;
				CLANG_WARN_OBJC_IMPLICIT_RETAIN_SELF = YES;
				CLANG_WARN_OBJC_LITERAL_CONVERSION = YES;
				CLANG_WARN_OBJC_ROOT_CLASS = YES_ERROR;
				CLANG_WARN_QUOTED_INCLUDE_IN_FRAMEWORK_HEADER = YES;
				CLANG_WARN_RANGE_LOOP_ANALYSIS = YES;
				CLANG_WARN_STRICT_PROTOTYPES = YES;
				CLANG_WARN_SUSPICIOUS_MOVE = YES;
				CLANG_WARN_UNGUARDED_AVAILABILITY = YES_AGGRESSIVE;
				CLANG_WARN_UNREACHABLE_CODE = YES;
				CLANG_WARN__DUPLICATE_METHOD_MATCH = YES;
				COPY_PHASE_STRIP = NO;
				DEBUG_INFORMATION_FORMAT = dwarf;
				ENABLE_STRICT_OBJC_MSGSEND = YES;
				ENABLE_TESTABILITY = YES;
				GCC_C_LANGUAGE_STANDARD = gnu11;
				GCC_DYNAMIC_NO_PIC = NO;
				GCC_NO_COMMON_BLOCKS = YES;
				GCC_OPTIMIZATION_LEVEL = 0;
				GCC_PREPROCESSOR_DEFINITIONS = (
					"DEBUG=1",
					"$(inherited)",
				);
				GCC_WARN_64_TO_32_BIT_CONVERSION = YES;
				GCC_WARN_ABOUT_RETURN_TYPE = YES_ERROR;
				GCC_WARN_UNDECLARED_SELECTOR = YES;
				GCC_WARN_UNINITIALIZED_AUTOS = YES_AGGRESSIVE;
				GCC_WARN_UNUSED_FUNCTION = YES;
				GCC_WARN_UNUSED_VARIABLE = YES;
				IPHONEOS_DEPLOYMENT_TARGET = 16.4;
				MTL_ENABLE_DEBUG_INFO = INCLUDE_SOURCE;
				MTL_FAST_MATH = YES;
				ONLY_ACTIVE_ARCH = YES;
				SDKROOT = iphoneos;
				SWIFT_ACTIVE_COMPILATION_CONDITIONS = DEBUG;
				SWIFT_OPTIMIZATION_LEVEL = "-Onone";
			};
			name = Debug;
		};
		8EFA48C82D6355C100C68060 /* Release */ = {
			isa = XCBuildConfiguration;
			buildSettings = {
				ALWAYS_SEARCH_USER_PATHS = NO;
				CLANG_ANALYZER_NONNULL = YES;
				CLANG_ANALYZER_NUMBER_OBJECT_CONVERSION = YES_AGGRESSIVE;
				CLANG_CXX_LANGUAGE_STANDARD = "gnu++20";
				CLANG_ENABLE_MODULES = YES;
				CLANG_ENABLE_OBJC_ARC = YES;
				CLANG_ENABLE_OBJC_WEAK = YES;
				CLANG_WARN_BLOCK_CAPTURE_AUTORELEASING = YES;
				CLANG_WARN_BOOL_CONVERSION = YES;
				CLANG_WARN_COMMA = YES;
				CLANG_WARN_CONSTANT_CONVERSION = YES;
				CLANG_WARN_DEPRECATED_OBJC_IMPLEMENTATIONS = YES;
				CLANG_WARN_DIRECT_OBJC_ISA_USAGE = YES_ERROR;
				CLANG_WARN_DOCUMENTATION_COMMENTS = YES;
				CLANG_WARN_EMPTY_BODY = YES;
				CLANG_WARN_ENUM_CONVERSION = YES;
				CLANG_WARN_INFINITE_RECURSION = YES;
				CLANG_WARN_INT_CONVERSION = YES;
				CLANG_WARN_NON_LITERAL_NULL_CONVERSION = YES;
				CLANG_WARN_OBJC_IMPLICIT_RETAIN_SELF = YES;
				CLANG_WARN_OBJC_LITERAL_CONVERSION = YES;
				CLANG_WARN_OBJC_ROOT_CLASS = YES_ERROR;
				CLANG_WARN_QUOTED_INCLUDE_IN_FRAMEWORK_HEADER = YES;
				CLANG_WARN_RANGE_LOOP_ANALYSIS = YES;
				CLANG_WARN_STRICT_PROTOTYPES = YES;
				CLANG_WARN_SUSPICIOUS_MOVE = YES;
				CLANG_WARN_UNGUARDED_AVAILABILITY = YES_AGGRESSIVE;
				CLANG_WARN_UNREACHABLE_CODE = YES;
				CLANG_WARN__DUPLICATE_METHOD_MATCH = YES;
				COPY_PHASE_STRIP = NO;
				DEBUG_INFORMATION_FORMAT = "dwarf-with-dsym";
				ENABLE_NS_ASSERTIONS = NO;
				ENABLE_STRICT_OBJC_MSGSEND = YES;
				GCC_C_LANGUAGE_STANDARD = gnu11;
				GCC_NO_COMMON_BLOCKS = YES;
				GCC_WARN_64_TO_32_BIT_CONVERSION = YES;
				GCC_WARN_ABOUT_RETURN_TYPE = YES_ERROR;
				GCC_WARN_UNDECLARED_SELECTOR = YES;
				GCC_WARN_UNINITIALIZED_AUTOS = YES_AGGRESSIVE;
				GCC_WARN_UNUSED_FUNCTION = YES;
				GCC_WARN_UNUSED_VARIABLE = YES;
				IPHONEOS_DEPLOYMENT_TARGET = 16.4;
				MTL_ENABLE_DEBUG_INFO = NO;
				MTL_FAST_MATH = YES;
				SDKROOT = iphoneos;
				SWIFT_COMPILATION_MODE = wholemodule;
				SWIFT_OPTIMIZATION_LEVEL = "-O";
				VALIDATE_PRODUCT = YES;
			};
			name = Release;
		};
		8EFA48CA2D6355C100C68060 /* Debug */ = {
			isa = XCBuildConfiguration;
			buildSettings = {
				ASSETCATALOG_COMPILER_APPICON_NAME = AppIcon;
				ASSETCATALOG_COMPILER_GLOBAL_ACCENT_COLOR_NAME = AccentColor;
				CODE_SIGN_STYLE = Automatic;
				CURRENT_PROJECT_VERSION = 1;
				DEVELOPMENT_ASSET_PATHS = "\"pizza/Preview Content\"";
				DEVELOPMENT_TEAM = 5AZ59LLP74;
				ENABLE_PREVIEWS = YES;
				GENERATE_INFOPLIST_FILE = YES;
				INFOPLIST_KEY_UIApplicationSceneManifest_Generation = YES;
				INFOPLIST_KEY_UIApplicationSupportsIndirectInputEvents = YES;
				INFOPLIST_KEY_UILaunchScreen_Generation = YES;
				INFOPLIST_KEY_UISupportedInterfaceOrientations_iPad = "UIInterfaceOrientationPortrait UIInterfaceOrientationPortraitUpsideDown UIInterfaceOrientationLandscapeLeft UIInterfaceOrientationLandscapeRight";
				INFOPLIST_KEY_UISupportedInterfaceOrientations_iPhone = "UIInterfaceOrientationPortrait UIInterfaceOrientationLandscapeLeft UIInterfaceOrientationLandscapeRight";
				LD_RUNPATH_SEARCH_PATHS = (
					"$(inherited)",
					"@executable_path/Frameworks",
				);
				MARKETING_VERSION = 1.0;
				PRODUCT_BUNDLE_IDENTIFIER = ru.yandex.practicum.tracker.pizza;
				PRODUCT_NAME = "$(TARGET_NAME)";
				SWIFT_EMIT_LOC_STRINGS = YES;
				SWIFT_VERSION = 5.0;
				TARGETED_DEVICE_FAMILY = "1,2";
			};
			name = Debug;
		};
		8EFA48CB2D6355C100C68060 /* Release */ = {
			isa = XCBuildConfiguration;
			buildSettings = {
				ASSETCATALOG_COMPILER_APPICON_NAME = AppIcon;
				ASSETCATALOG_COMPILER_GLOBAL_ACCENT_COLOR_NAME = AccentColor;
				CODE_SIGN_STYLE = Automatic;
				CURRENT_PROJECT_VERSION = 1;
				DEVELOPMENT_ASSET_PATHS = "\"pizza/Preview Content\"";
				DEVELOPMENT_TEAM = 5AZ59LLP74;
				ENABLE_PREVIEWS = YES;
				GENERATE_INFOPLIST_FILE = YES;
				INFOPLIST_KEY_UIApplicationSceneManifest_Generation = YES;
				INFOPLIST_KEY_UIApplicationSupportsIndirectInputEvents = YES;
				INFOPLIST_KEY_UILaunchScreen_Generation = YES;
				INFOPLIST_KEY_UISupportedInterfaceOrientations_iPad = "UIInterfaceOrientationPortrait UIInterfaceOrientationPortraitUpsideDown UIInterfaceOrientationLandscapeLeft UIInterfaceOrientationLandscapeRight";
				INFOPLIST_KEY_UISupportedInterfaceOrientations_iPhone = "UIInterfaceOrientationPortrait UIInterfaceOrientationLandscapeLeft UIInterfaceOrientationLandscapeRight";
				LD_RUNPATH_SEARCH_PATHS = (
					"$(inherited)",
					"@executable_path/Frameworks",
				);
				MARKETING_VERSION = 1.0;
				PRODUCT_BUNDLE_IDENTIFIER = ru.yandex.practicum.tracker.pizza;
				PRODUCT_NAME = "$(TARGET_NAME)";
				SWIFT_EMIT_LOC_STRINGS = YES;
				SWIFT_VERSION = 5.0;
				TARGETED_DEVICE_FAMILY = "1,2";
			};
			name = Release;
		};
/* End XCBuildConfiguration section */

/* Begin XCConfigurationList section */
		8EFA48B62D6355C000C68060 /* Build configuration list for PBXProject "pizza" */ = {
			isa = XCConfigurationList;
			buildConfigurations = (
				8EFA48C72D6355C100C68060 /* Debug */,
				8EFA48C82D6355C100C68060 /* Release */,
			);
			defaultConfigurationIsVisible = 0;
			defaultConfigurationName = Release;
		};
		8EFA48C92D6355C100C68060 /* Build configuration list for PBXNativeTarget "pizza" */ = {
			isa = XCConfigurationList;
			buildConfigurations = (
				8EFA48CA2D6355C100C68060 /* Debug */,
				8EFA48CB2D6355C100C68060 /* Release */,
			);
			defaultConfigurationIsVisible = 0;
			defaultConfigurationName = Release;
		};
/* End XCConfigurationList section */
	};
	rootObject = 8EFA48B32D6355C000C68060 /* Project object */;
}
